
Microsoft Visual Studio Solution File, Format Version 12.00
# Visual Studio Version 17
VisualStudioVersion = 17.7.34202.233
MinimumVisualStudioVersion = 10.0.40219.1
Project("{FAE04EC0-301F-11D3-BF4B-00C04F79EFBC}") = "coffee_shop_project", "coffee_shop_project\coffee_shop_project.csproj", "{D011B6CD-A9B8-4277-AFB4-9179199A213C}"
EndProject
Global
	GlobalSection(SolutionConfigurationPlatforms) = preSolution
		Debug|Any CPU = Debug|Any CPU
		Release|Any CPU = Release|Any CPU
	EndGlobalSection
	GlobalSection(ProjectConfigurationPlatforms) = postSolution
		{D011B6CD-A9B8-4277-AFB4-9179199A213C}.Debug|Any CPU.ActiveCfg = Debug|Any CPU
		{D011B6CD-A9B8-4277-AFB4-9179199A213C}.Debug|Any CPU.Build.0 = Debug|Any CPU
		{D011B6CD-A9B8-4277-AFB4-9179199A213C}.Release|Any CPU.ActiveCfg = Release|Any CPU
		{D011B6CD-A9B8-4277-AFB4-9179199A213C}.Release|Any CPU.Build.0 = Release|Any CPU
	EndGlobalSection
	GlobalSection(SolutionProperties) = preSolution
		HideSolutionNode = FALSE
	EndGlobalSection
	GlobalSection(ExtensibilityGlobals) = postSolution
		SolutionGuid = {6D659379-0CAF-4951-812C-D508884B6F51}
	EndGlobalSection
EndGlobal
